
Microsoft Visual Studio Solution File, Format Version 12.00
# Visual Studio Version 17
VisualStudioVersion = 17.1.32328.378
MinimumVisualStudioVersion = 10.0.40219.1
Project("{2150E333-8FDC-42A3-9474-1A3956D46DE8}") = "Solutions Items", "Solutions Items", "{4AE7719E-262C-49FC-8EC8-0DEB822143DF}"
	ProjectSection(SolutionItems) = preProject
		docker-compose.yml = docker-compose.yml
		global.json = global.json
	EndProjectSection
EndProject
Project("{2150E333-8FDC-42A3-9474-1A3956D46DE8}") = "src", "src", "{3AEC0C70-95F6-43D7-979E-4ECC42B8E9C1}"
EndProject
Project("{2150E333-8FDC-42A3-9474-1A3956D46DE8}") = "tests", "tests", "{25D587AE-3D9C-4809-878C-22E6467FD79E}"
EndProject
Project("{2150E333-8FDC-42A3-9474-1A3956D46DE8}") = "ApiGateways", "ApiGateways", "{2C3556E4-02EC-40B4-AFEA-41ABF7ACCA23}"
EndProject
Project("{2150E333-8FDC-42A3-9474-1A3956D46DE8}") = "BuildingBlocks", "BuildingBlocks", "{9543E628-6D52-4B8C-93C5-72B6AC511345}"
EndProject
Project("{2150E333-8FDC-42A3-9474-1A3956D46DE8}") = "Services", "Services", "{9B5EBA66-8510-4763-95B4-96E1A6E986EF}"
EndProject
Project("{2150E333-8FDC-42A3-9474-1A3956D46DE8}") = "Webapps", "Webapps", "{5C48DD90-0A2F-460D-85AC-4FD1D520139D}"
EndProject
Project("{9A19103F-16F7-4668-BE54-9A1E7A4F7556}") = "Commom.Logging", "src\BuildingBlocks\Commom.Logging\Commom.Logging.csproj", "{32754AD2-BF25-4105-98F3-3915B0229AB8}"
EndProject
Project("{9A19103F-16F7-4668-BE54-9A1E7A4F7556}") = "EventBus.Message", "src\BuildingBlocks\EventBus.Message\EventBus.Message.csproj", "{71B5A21A-C6A7-46AF-9CDC-502FAD5D8EE9}"
EndProject
Project("{2150E333-8FDC-42A3-9474-1A3956D46DE8}") = "Products", "Products", "{B93C9502-57D8-4258-9EE2-A5FC60368963}"
EndProject
Project("{2150E333-8FDC-42A3-9474-1A3956D46DE8}") = "Customer", "Customer", "{3AFA804B-34F4-4407-84EE-796FE96A2454}"
EndProject
Project("{2150E333-8FDC-42A3-9474-1A3956D46DE8}") = "Basket", "Basket", "{63BB53D7-19FC-4F3F-B15F-692987108EE4}"
EndProject
Project("{2150E333-8FDC-42A3-9474-1A3956D46DE8}") = "Ordering", "Ordering", "{767DEF3F-6C8B-4CEB-8046-600151123A85}"
EndProject
Project("{2150E333-8FDC-42A3-9474-1A3956D46DE8}") = "Inventory", "Inventory", "{B28596B2-3B6A-43D4-9E17-0B6D9F192651}"
EndProject
Project("{2150E333-8FDC-42A3-9474-1A3956D46DE8}") = "Schedule.Job", "Schedule.Job", "{FDE6F820-E816-4F6C-949C-9E576B90BB83}"
EndProject
Project("{9A19103F-16F7-4668-BE54-9A1E7A4F7556}") = "WebHealthStatus", "src\WebAppss\WebHealthStatus\WebHealthStatus.csproj", "{F3392CCF-296A-40FE-B47A-096EFC3824DC}"
EndProject
Project("{9A19103F-16F7-4668-BE54-9A1E7A4F7556}") = "Basket.API", "src\Services\Basket.API\Basket.API.csproj", "{CA65B112-4693-4AA0-9A4F-E49386989634}"
EndProject
Project("{9A19103F-16F7-4668-BE54-9A1E7A4F7556}") = "Customer.API", "src\Services\Customer.API\Customer.API.csproj", "{B7BE8DEA-5438-4C67-AC81-20702463F24C}"
EndProject
Project("{9A19103F-16F7-4668-BE54-9A1E7A4F7556}") = "Inventory.Product.API", "src\Services\Inventory.Product.API\Inventory.Product.API.csproj", "{9D0EDD33-633D-4F2A-B4F2-911948037E20}"
EndProject
Project("{9A19103F-16F7-4668-BE54-9A1E7A4F7556}") = "Ordering.API", "src\Services\Ordering.API\Ordering.API.csproj", "{5FC9E3E3-E5FA-4BD4-8562-890D84B681AA}"
EndProject
Project("{9A19103F-16F7-4668-BE54-9A1E7A4F7556}") = "Product.API", "src\Services\Product.API\Product.API.csproj", "{6FD4FFA0-54E8-4F06-9661-89CB1F156363}"
EndProject
Project("{9A19103F-16F7-4668-BE54-9A1E7A4F7556}") = "HangFire.API", "src\Services\HangFire.API\HangFire.API.csproj", "{DD4C1A4F-7F1F-4E6E-9584-222486CF8915}"
EndProject
Project("{9A19103F-16F7-4668-BE54-9A1E7A4F7556}") = "Constracts", "src\BuildingBlocks\Constracts\Constracts.csproj", "{209114A2-4A10-4177-9A77-B061623FF19C}"
EndProject
Project("{9A19103F-16F7-4668-BE54-9A1E7A4F7556}") = "Infrastructure", "src\BuildingBlocks\Infrastructure\Infrastructure.csproj", "{38247B3F-A1DA-4948-B34B-0CDB1CADDBD4}"
EndProject
Project("{9A19103F-16F7-4668-BE54-9A1E7A4F7556}") = "Shared", "src\BuildingBlocks\Shared\Shared.csproj", "{B7FF0F6C-6E81-41DC-80BA-27EC6A062FFC}"
EndProject
Project("{9A19103F-16F7-4668-BE54-9A1E7A4F7556}") = "OcellotGw", "src\APIGateWays\OcellotGw\OcellotGw.csproj", "{33220BAD-88E0-4384-B868-CB28DAF089E3}"
EndProject
Global
	GlobalSection(SolutionConfigurationPlatforms) = preSolution
		Debug|Any CPU = Debug|Any CPU
		Release|Any CPU = Release|Any CPU
	EndGlobalSection
	GlobalSection(ProjectConfigurationPlatforms) = postSolution
		{32754AD2-BF25-4105-98F3-3915B0229AB8}.Debug|Any CPU.ActiveCfg = Debug|Any CPU
		{32754AD2-BF25-4105-98F3-3915B0229AB8}.Debug|Any CPU.Build.0 = Debug|Any CPU
		{32754AD2-BF25-4105-98F3-3915B0229AB8}.Release|Any CPU.ActiveCfg = Release|Any CPU
		{32754AD2-BF25-4105-98F3-3915B0229AB8}.Release|Any CPU.Build.0 = Release|Any CPU
		{71B5A21A-C6A7-46AF-9CDC-502FAD5D8EE9}.Debug|Any CPU.ActiveCfg = Debug|Any CPU
		{71B5A21A-C6A7-46AF-9CDC-502FAD5D8EE9}.Debug|Any CPU.Build.0 = Debug|Any CPU
		{71B5A21A-C6A7-46AF-9CDC-502FAD5D8EE9}.Release|Any CPU.ActiveCfg = Release|Any CPU
		{71B5A21A-C6A7-46AF-9CDC-502FAD5D8EE9}.Release|Any CPU.Build.0 = Release|Any CPU
		{F3392CCF-296A-40FE-B47A-096EFC3824DC}.Debug|Any CPU.ActiveCfg = Debug|Any CPU
		{F3392CCF-296A-40FE-B47A-096EFC3824DC}.Debug|Any CPU.Build.0 = Debug|Any CPU
		{F3392CCF-296A-40FE-B47A-096EFC3824DC}.Release|Any CPU.ActiveCfg = Release|Any CPU
		{F3392CCF-296A-40FE-B47A-096EFC3824DC}.Release|Any CPU.Build.0 = Release|Any CPU
		{CA65B112-4693-4AA0-9A4F-E49386989634}.Debug|Any CPU.ActiveCfg = Debug|Any CPU
		{CA65B112-4693-4AA0-9A4F-E49386989634}.Debug|Any CPU.Build.0 = Debug|Any CPU
		{CA65B112-4693-4AA0-9A4F-E49386989634}.Release|Any CPU.ActiveCfg = Release|Any CPU
		{CA65B112-4693-4AA0-9A4F-E49386989634}.Release|Any CPU.Build.0 = Release|Any CPU
		{B7BE8DEA-5438-4C67-AC81-20702463F24C}.Debug|Any CPU.ActiveCfg = Debug|Any CPU
		{B7BE8DEA-5438-4C67-AC81-20702463F24C}.Debug|Any CPU.Build.0 = Debug|Any CPU
		{B7BE8DEA-5438-4C67-AC81-20702463F24C}.Release|Any CPU.ActiveCfg = Release|Any CPU
		{B7BE8DEA-5438-4C67-AC81-20702463F24C}.Release|Any CPU.Build.0 = Release|Any CPU
		{9D0EDD33-633D-4F2A-B4F2-911948037E20}.Debug|Any CPU.ActiveCfg = Debug|Any CPU
		{9D0EDD33-633D-4F2A-B4F2-911948037E20}.Debug|Any CPU.Build.0 = Debug|Any CPU
		{9D0EDD33-633D-4F2A-B4F2-911948037E20}.Release|Any CPU.ActiveCfg = Release|Any CPU
		{9D0EDD33-633D-4F2A-B4F2-911948037E20}.Release|Any CPU.Build.0 = Release|Any CPU
		{5FC9E3E3-E5FA-4BD4-8562-890D84B681AA}.Debug|Any CPU.ActiveCfg = Debug|Any CPU
		{5FC9E3E3-E5FA-4BD4-8562-890D84B681AA}.Debug|Any CPU.Build.0 = Debug|Any CPU
		{5FC9E3E3-E5FA-4BD4-8562-890D84B681AA}.Release|Any CPU.ActiveCfg = Release|Any CPU
		{5FC9E3E3-E5FA-4BD4-8562-890D84B681AA}.Release|Any CPU.Build.0 = Release|Any CPU
		{6FD4FFA0-54E8-4F06-9661-89CB1F156363}.Debug|Any CPU.ActiveCfg = Debug|Any CPU
		{6FD4FFA0-54E8-4F06-9661-89CB1F156363}.Debug|Any CPU.Build.0 = Debug|Any CPU
		{6FD4FFA0-54E8-4F06-9661-89CB1F156363}.Release|Any CPU.ActiveCfg = Release|Any CPU
		{6FD4FFA0-54E8-4F06-9661-89CB1F156363}.Release|Any CPU.Build.0 = Release|Any CPU
		{DD4C1A4F-7F1F-4E6E-9584-222486CF8915}.Debug|Any CPU.ActiveCfg = Debug|Any CPU
		{DD4C1A4F-7F1F-4E6E-9584-222486CF8915}.Debug|Any CPU.Build.0 = Debug|Any CPU
		{DD4C1A4F-7F1F-4E6E-9584-222486CF8915}.Release|Any CPU.ActiveCfg = Release|Any CPU
		{DD4C1A4F-7F1F-4E6E-9584-222486CF8915}.Release|Any CPU.Build.0 = Release|Any CPU
		{209114A2-4A10-4177-9A77-B061623FF19C}.Debug|Any CPU.ActiveCfg = Debug|Any CPU
		{209114A2-4A10-4177-9A77-B061623FF19C}.Debug|Any CPU.Build.0 = Debug|Any CPU
		{209114A2-4A10-4177-9A77-B061623FF19C}.Release|Any CPU.ActiveCfg = Release|Any CPU
		{209114A2-4A10-4177-9A77-B061623FF19C}.Release|Any CPU.Build.0 = Release|Any CPU
		{38247B3F-A1DA-4948-B34B-0CDB1CADDBD4}.Debug|Any CPU.ActiveCfg = Debug|Any CPU
		{38247B3F-A1DA-4948-B34B-0CDB1CADDBD4}.Debug|Any CPU.Build.0 = Debug|Any CPU
		{38247B3F-A1DA-4948-B34B-0CDB1CADDBD4}.Release|Any CPU.ActiveCfg = Release|Any CPU
		{38247B3F-A1DA-4948-B34B-0CDB1CADDBD4}.Release|Any CPU.Build.0 = Release|Any CPU
		{B7FF0F6C-6E81-41DC-80BA-27EC6A062FFC}.Debug|Any CPU.ActiveCfg = Debug|Any CPU
		{B7FF0F6C-6E81-41DC-80BA-27EC6A062FFC}.Debug|Any CPU.Build.0 = Debug|Any CPU
		{B7FF0F6C-6E81-41DC-80BA-27EC6A062FFC}.Release|Any CPU.ActiveCfg = Release|Any CPU
		{B7FF0F6C-6E81-41DC-80BA-27EC6A062FFC}.Release|Any CPU.Build.0 = Release|Any CPU
		{33220BAD-88E0-4384-B868-CB28DAF089E3}.Debug|Any CPU.ActiveCfg = Debug|Any CPU
		{33220BAD-88E0-4384-B868-CB28DAF089E3}.Debug|Any CPU.Build.0 = Debug|Any CPU
		{33220BAD-88E0-4384-B868-CB28DAF089E3}.Release|Any CPU.ActiveCfg = Release|Any CPU
		{33220BAD-88E0-4384-B868-CB28DAF089E3}.Release|Any CPU.Build.0 = Release|Any CPU
	EndGlobalSection
	GlobalSection(SolutionProperties) = preSolution
		HideSolutionNode = FALSE
	EndGlobalSection
	GlobalSection(NestedProjects) = preSolution
		{25D587AE-3D9C-4809-878C-22E6467FD79E} = {4AE7719E-262C-49FC-8EC8-0DEB822143DF}
		{2C3556E4-02EC-40B4-AFEA-41ABF7ACCA23} = {3AEC0C70-95F6-43D7-979E-4ECC42B8E9C1}
		{9543E628-6D52-4B8C-93C5-72B6AC511345} = {3AEC0C70-95F6-43D7-979E-4ECC42B8E9C1}
		{9B5EBA66-8510-4763-95B4-96E1A6E986EF} = {3AEC0C70-95F6-43D7-979E-4ECC42B8E9C1}
		{5C48DD90-0A2F-460D-85AC-4FD1D520139D} = {3AEC0C70-95F6-43D7-979E-4ECC42B8E9C1}
		{32754AD2-BF25-4105-98F3-3915B0229AB8} = {9543E628-6D52-4B8C-93C5-72B6AC511345}
		{71B5A21A-C6A7-46AF-9CDC-502FAD5D8EE9} = {9543E628-6D52-4B8C-93C5-72B6AC511345}
		{B93C9502-57D8-4258-9EE2-A5FC60368963} = {9B5EBA66-8510-4763-95B4-96E1A6E986EF}
		{3AFA804B-34F4-4407-84EE-796FE96A2454} = {9B5EBA66-8510-4763-95B4-96E1A6E986EF}
		{63BB53D7-19FC-4F3F-B15F-692987108EE4} = {9B5EBA66-8510-4763-95B4-96E1A6E986EF}
		{767DEF3F-6C8B-4CEB-8046-600151123A85} = {9B5EBA66-8510-4763-95B4-96E1A6E986EF}
		{B28596B2-3B6A-43D4-9E17-0B6D9F192651} = {9B5EBA66-8510-4763-95B4-96E1A6E986EF}
		{FDE6F820-E816-4F6C-949C-9E576B90BB83} = {9B5EBA66-8510-4763-95B4-96E1A6E986EF}
		{F3392CCF-296A-40FE-B47A-096EFC3824DC} = {5C48DD90-0A2F-460D-85AC-4FD1D520139D}
		{CA65B112-4693-4AA0-9A4F-E49386989634} = {63BB53D7-19FC-4F3F-B15F-692987108EE4}
		{B7BE8DEA-5438-4C67-AC81-20702463F24C} = {3AFA804B-34F4-4407-84EE-796FE96A2454}
		{9D0EDD33-633D-4F2A-B4F2-911948037E20} = {B28596B2-3B6A-43D4-9E17-0B6D9F192651}
		{5FC9E3E3-E5FA-4BD4-8562-890D84B681AA} = {767DEF3F-6C8B-4CEB-8046-600151123A85}
		{6FD4FFA0-54E8-4F06-9661-89CB1F156363} = {B93C9502-57D8-4258-9EE2-A5FC60368963}
		{DD4C1A4F-7F1F-4E6E-9584-222486CF8915} = {FDE6F820-E816-4F6C-949C-9E576B90BB83}
		{209114A2-4A10-4177-9A77-B061623FF19C} = {9543E628-6D52-4B8C-93C5-72B6AC511345}
		{38247B3F-A1DA-4948-B34B-0CDB1CADDBD4} = {9543E628-6D52-4B8C-93C5-72B6AC511345}
		{B7FF0F6C-6E81-41DC-80BA-27EC6A062FFC} = {9543E628-6D52-4B8C-93C5-72B6AC511345}
		{33220BAD-88E0-4384-B868-CB28DAF089E3} = {2C3556E4-02EC-40B4-AFEA-41ABF7ACCA23}
	EndGlobalSection
	GlobalSection(ExtensibilityGlobals) = postSolution
		SolutionGuid = {2CB44359-ED3D-4CEB-B680-602FF2BB3B37}
	EndGlobalSection
EndGlobal
